
Microsoft Visual Studio Solution File, Format Version 12.00
# Visual Studio Version 17
VisualStudioVersion = 17.5.002.0
MinimumVisualStudioVersion = 10.0.40219.1
Project("{9A19103F-16F7-4668-BE54-9A1E7A4F7556}") = "MeetingApp", "MeetingApp.csproj", "{BA606314-9E69-4912-AFC9-9A97EA9584B9}"
EndProject
Global
	GlobalSection(SolutionConfigurationPlatforms) = preSolution
		Debug|Any CPU = Debug|Any CPU
		Release|Any CPU = Release|Any CPU
	EndGlobalSection
	GlobalSection(ProjectConfigurationPlatforms) = postSolution
		{BA606314-9E69-4912-AFC9-9A97EA9584B9}.Debug|Any CPU.ActiveCfg = Debug|Any CPU
		{BA606314-9E69-4912-AFC9-9A97EA9584B9}.Debug|Any CPU.Build.0 = Debug|Any CPU
		{BA606314-9E69-4912-AFC9-9A97EA9584B9}.Release|Any CPU.ActiveCfg = Release|Any CPU
		{BA606314-9E69-4912-AFC9-9A97EA9584B9}.Release|Any CPU.Build.0 = Release|Any CPU
	EndGlobalSection
	GlobalSection(SolutionProperties) = preSolution
		HideSolutionNode = FALSE
	EndGlobalSection
	GlobalSection(ExtensibilityGlobals) = postSolution
		SolutionGuid = {48533C8A-205F-46AF-9398-CC9E76DCD6B9}
	EndGlobalSection
EndGlobal
